name: Build Android APK

on:
  push:
    branches: [ main, master ]
  workflow_dispatch:

jobs:
  build:
    runs-on: ubuntu-latest

    steps:
      - name: Checkout code
        uses: actions/checkout@v4

      - name: Setup Node.js
        uses: actions/setup-node@v4
        with:
          node-version: 20
          cache: 'npm'
          cache-dependency-path: my-app/package-lock.json

      # 🔧 Downgrade React from 19 to 18 because react-scripts 5.0.1 does not support React 19
      - name: Patch package.json (React 19 → 18)
        run: |
          cd my-app
          sed -i 's/"react": "\^19\.[0-9]+\.[0-9]+"/"react": "^18.3.1"/' package.json
          sed -i 's/"react-dom": "\^19\.[0-9]+\.[0-9]+"/"react-dom": "^18.3.1"/' package.json
          cat package.json   # optional: verify the change

      - name: Install dependencies (npm ci)
        run: |
          cd my-app
          npm ci --legacy-peer-deps   # --legacy-peer-deps avoids peer conflicts with some libs

      - name: Build React app
        run: |
          cd my-app
          npm run build   # creates the 'build' folder (as set in capacitor.config.ts)

      - name: Setup Capacitor & Android
        run: |
          cd my-app
          npm install @capacitor/core @capacitor/android --legacy-peer-deps
          npx cap add android || true
          npx cap sync

      - name: Setup Java
        uses: actions/setup-java@v4
        with:
          distribution: 'zulu'
          java-version: '17'

      - name: Setup Android SDK
        uses: android-actions/setup-android@v3
        with:
          cmdline-tools-version: 'latest'

      - name: Cache Gradle
        uses: actions/cache@v4
        with:
          path: |
            ~/.gradle/caches
            ~/.gradle/wrapper
          key: ${{ runner.os }}-gradle-${{ hashFiles('my-app/android/*.gradle*', 'my-app/android/gradle/wrapper/gradle-wrapper.properties') }}
          restore-keys: |
            ${{ runner.os }}-gradle-

      - name: Build debug APK
        run: |
          cd my-app/android
          chmod +x gradlew
          ./gradlew assembleDebug --no-daemon --stacktrace

      - name: Upload APK
        uses: actions/upload-artifact@v4
        with:
          name: app-debug
          path: my-app/android/app/build/outputs/apk/debug/app-debug.apk
